
Microsoft Visual Studio Solution File, Format Version 12.00
# Visual Studio Version 16
VisualStudioVersion = 16.0.31702.278
MinimumVisualStudioVersion = 10.0.40219.1
Project("{FAE04EC0-301F-11D3-BF4B-00C04F79EFBC}") = "NarfoxSparrow", "NarfoxSparrow\NarfoxSparrow.csproj", "{480AC20B-FCC3-4661-87F3-EB7C9D3C7F3F}"
EndProject
Global
	GlobalSection(SolutionConfigurationPlatforms) = preSolution
		Debug|Any CPU = Debug|Any CPU
		Release|Any CPU = Release|Any CPU
	EndGlobalSection
	GlobalSection(ProjectConfigurationPlatforms) = postSolution
		{480AC20B-FCC3-4661-87F3-EB7C9D3C7F3F}.Debug|Any CPU.ActiveCfg = Debug|Any CPU
		{480AC20B-FCC3-4661-87F3-EB7C9D3C7F3F}.Debug|Any CPU.Build.0 = Debug|Any CPU
		{480AC20B-FCC3-4661-87F3-EB7C9D3C7F3F}.Release|Any CPU.ActiveCfg = Release|Any CPU
		{480AC20B-FCC3-4661-87F3-EB7C9D3C7F3F}.Release|Any CPU.Build.0 = Release|Any CPU
	EndGlobalSection
	GlobalSection(SolutionProperties) = preSolution
		HideSolutionNode = FALSE
	EndGlobalSection
	GlobalSection(ExtensibilityGlobals) = postSolution
		SolutionGuid = {384B3BB5-714C-4B13-B683-8E4616185939}
	EndGlobalSection
EndGlobal
